Microsoft Visual Studio Solution File, Format Version 12.00
# Visual Studio Version 17
VisualStudioVersion = 17.5.2.0
MinimumVisualStudioVersion = 10.0.40219.1
Project("{FAE04EC0-301F-11D3-BF4B-00C04F79EFBC}") = "WarehouseInventoryAPI-Claude", "WarehouseInventoryAPI-Claude\WarehouseInventoryAPI-Claude.csproj", "{302DBF1F-36F1-F10E-5CA5-9C877403A2D2}"
EndProject
Project("{FAE04EC0-301F-11D3-BF4B-00C04F79EFBC}") = "WarehouseLogisticsAPI-Claude", "WarehouseLogisticsAPI-Claude\WarehouseLogisticsAPI-Claude.csproj", "{E64C4B2B-E176-806C-24C3-26B27ACE24CE}"
EndProject
Global
	GlobalSection(SolutionConfigurationPlatforms) = preSolution
		Debug|Any CPU = Debug|Any CPU
		Release|Any CPU = Release|Any CPU
	EndGlobalSection
	GlobalSection(ProjectConfigurationPlatforms) = postSolution
		{302DBF1F-36F1-F10E-5CA5-9C877403A2D2}.Debug|Any CPU.ActiveCfg = Debug|Any CPU
		{302DBF1F-36F1-F10E-5CA5-9C877403A2D2}.Debug|Any CPU.Build.0 = Debug|Any CPU
		{302DBF1F-36F1-F10E-5CA5-9C877403A2D2}.Release|Any CPU.ActiveCfg = Release|Any CPU
		{302DBF1F-36F1-F10E-5CA5-9C877403A2D2}.Release|Any CPU.Build.0 = Release|Any CPU
		{E64C4B2B-E176-806C-24C3-26B27ACE24CE}.Debug|Any CPU.ActiveCfg = Debug|Any CPU
		{E64C4B2B-E176-806C-24C3-26B27ACE24CE}.Debug|Any CPU.Build.0 = Debug|Any CPU
		{E64C4B2B-E176-806C-24C3-26B27ACE24CE}.Release|Any CPU.ActiveCfg = Release|Any CPU
		{E64C4B2B-E176-806C-24C3-26B27ACE24CE}.Release|Any CPU.Build.0 = Release|Any CPU
	EndGlobalSection
	GlobalSection(SolutionProperties) = preSolution
		HideSolutionNode = FALSE
	EndGlobalSection
	GlobalSection(ExtensibilityGlobals) = postSolution
		SolutionGuid = {F400DA13-7295-4AEC-BC62-D0B78237F8B2}
	EndGlobalSection
EndGlobal
