Microsoft Visual Studio Solution File, Format Version 12.00
# Visual Studio Version 17
VisualStudioVersion = 17.5.2.0
MinimumVisualStudioVersion = 10.0.40219.1
Project("{FAE04EC0-301F-11D3-BF4B-00C04F79EFBC}") = "WarehouseInventoryAPI-Claude", "WarehouseInventoryAPI-Claude.csproj", "{50E4AE4A-3D51-6605-55E5-9606C96147B6}"
EndProject
Global
	GlobalSection(SolutionConfigurationPlatforms) = preSolution
		Debug|Any CPU = Debug|Any CPU
		Release|Any CPU = Release|Any CPU
	EndGlobalSection
	GlobalSection(ProjectConfigurationPlatforms) = postSolution
		{50E4AE4A-3D51-6605-55E5-9606C96147B6}.Debug|Any CPU.ActiveCfg = Debug|Any CPU
		{50E4AE4A-3D51-6605-55E5-9606C96147B6}.Debug|Any CPU.Build.0 = Debug|Any CPU
		{50E4AE4A-3D51-6605-55E5-9606C96147B6}.Release|Any CPU.ActiveCfg = Release|Any CPU
		{50E4AE4A-3D51-6605-55E5-9606C96147B6}.Release|Any CPU.Build.0 = Release|Any CPU
	EndGlobalSection
	GlobalSection(SolutionProperties) = preSolution
		HideSolutionNode = FALSE
	EndGlobalSection
	GlobalSection(ExtensibilityGlobals) = postSolution
		SolutionGuid = {420256B2-D3AD-4FAC-9063-A4A6653AC7C5}
	EndGlobalSection
EndGlobal
